
Microsoft Visual Studio Solution File, Format Version 12.00
# Visual Studio Version 17
VisualStudioVersion = 17.10.35027.167
MinimumVisualStudioVersion = 10.0.40219.1
Project("{FAE04EC0-301F-11D3-BF4B-00C04F79EFBC}") = "Inventory-Management-System", "Inventory-Management-System.csproj", "{EAE68A68-357C-4A3D-91E6-6E7C753DAC85}"
EndProject
Global
	GlobalSection(SolutionConfigurationPlatforms) = preSolution
		Debug|Any CPU = Debug|Any CPU
		Release|Any CPU = Release|Any CPU
	EndGlobalSection
	GlobalSection(ProjectConfigurationPlatforms) = postSolution
		{EAE68A68-357C-4A3D-91E6-6E7C753DAC85}.Debug|Any CPU.ActiveCfg = Debug|Any CPU
		{EAE68A68-357C-4A3D-91E6-6E7C753DAC85}.Debug|Any CPU.Build.0 = Debug|Any CPU
		{EAE68A68-357C-4A3D-91E6-6E7C753DAC85}.Release|Any CPU.ActiveCfg = Release|Any CPU
		{EAE68A68-357C-4A3D-91E6-6E7C753DAC85}.Release|Any CPU.Build.0 = Release|Any CPU
	EndGlobalSection
	GlobalSection(SolutionProperties) = preSolution
		HideSolutionNode = FALSE
	EndGlobalSection
	GlobalSection(ExtensibilityGlobals) = postSolution
		SolutionGuid = {38628DA2-EF89-4A78-8551-F47AB652D908}
	EndGlobalSection
EndGlobal
